
Microsoft Visual Studio Solution File, Format Version 12.00
# Visual Studio Version 17
VisualStudioVersion = 17.12.35521.163 d17.12
MinimumVisualStudioVersion = 10.0.40219.1
Project("{8BC9CEB8-8B4A-11D0-8D11-00A0C91BC942}") = "EAC_Bypass", "EAC_Bypass\EAC_Bypass.vcxproj", "{2BA794F5-5FFA-454A-A1FC-D739771C6F72}"
EndProject
Project("{8BC9CEB8-8B4A-11D0-8D11-00A0C91BC942}") = "EAC_Usermode", "EAC_Usermode\EAC_Usermode.vcxproj", "{56F38C3E-FC80-4028-B6E9-4688A33E4AEB}"
EndProject
Global
	GlobalSection(SolutionConfigurationPlatforms) = preSolution
		Debug|ARM = Debug|ARM
		Debug|ARM64 = Debug|ARM64
		Debug|x64 = Debug|x64
		Debug|x86 = Debug|x86
		Release|ARM = Release|ARM
		Release|ARM64 = Release|ARM64
		Release|x64 = Release|x64
		Release|x86 = Release|x86
	EndGlobalSection
	GlobalSection(ProjectConfigurationPlatforms) = postSolution
		{2BA794F5-5FFA-454A-A1FC-D739771C6F72}.Debug|ARM.ActiveCfg = Debug|ARM
		{2BA794F5-5FFA-454A-A1FC-D739771C6F72}.Debug|ARM.Build.0 = Debug|ARM
		{2BA794F5-5FFA-454A-A1FC-D739771C6F72}.Debug|ARM.Deploy.0 = Debug|ARM
		{2BA794F5-5FFA-454A-A1FC-D739771C6F72}.Debug|ARM64.ActiveCfg = Debug|ARM64
		{2BA794F5-5FFA-454A-A1FC-D739771C6F72}.Debug|ARM64.Build.0 = Debug|ARM64
		{2BA794F5-5FFA-454A-A1FC-D739771C6F72}.Debug|ARM64.Deploy.0 = Debug|ARM64
		{2BA794F5-5FFA-454A-A1FC-D739771C6F72}.Debug|x64.ActiveCfg = Debug|x64
		{2BA794F5-5FFA-454A-A1FC-D739771C6F72}.Debug|x64.Build.0 = Debug|x64
		{2BA794F5-5FFA-454A-A1FC-D739771C6F72}.Debug|x64.Deploy.0 = Debug|x64
		{2BA794F5-5FFA-454A-A1FC-D739771C6F72}.Debug|x86.ActiveCfg = Debug|Win32
		{2BA794F5-5FFA-454A-A1FC-D739771C6F72}.Debug|x86.Build.0 = Debug|Win32
		{2BA794F5-5FFA-454A-A1FC-D739771C6F72}.Debug|x86.Deploy.0 = Debug|Win32
		{2BA794F5-5FFA-454A-A1FC-D739771C6F72}.Release|ARM.ActiveCfg = Release|ARM
		{2BA794F5-5FFA-454A-A1FC-D739771C6F72}.Release|ARM.Build.0 = Release|ARM
		{2BA794F5-5FFA-454A-A1FC-D739771C6F72}.Release|ARM.Deploy.0 = Release|ARM
		{2BA794F5-5FFA-454A-A1FC-D739771C6F72}.Release|ARM64.ActiveCfg = Release|ARM64
		{2BA794F5-5FFA-454A-A1FC-D739771C6F72}.Release|ARM64.Build.0 = Release|ARM64
		{2BA794F5-5FFA-454A-A1FC-D739771C6F72}.Release|ARM64.Deploy.0 = Release|ARM64
		{2BA794F5-5FFA-454A-A1FC-D739771C6F72}.Release|x64.ActiveCfg = Release|x64
		{2BA794F5-5FFA-454A-A1FC-D739771C6F72}.Release|x64.Build.0 = Release|x64
		{2BA794F5-5FFA-454A-A1FC-D739771C6F72}.Release|x64.Deploy.0 = Release|x64
		{2BA794F5-5FFA-454A-A1FC-D739771C6F72}.Release|x86.ActiveCfg = Release|Win32
		{2BA794F5-5FFA-454A-A1FC-D739771C6F72}.Release|x86.Build.0 = Release|Win32
		{2BA794F5-5FFA-454A-A1FC-D739771C6F72}.Release|x86.Deploy.0 = Release|Win32
		{56F38C3E-FC80-4028-B6E9-4688A33E4AEB}.Debug|ARM.ActiveCfg = Debug|x64
		{56F38C3E-FC80-4028-B6E9-4688A33E4AEB}.Debug|ARM.Build.0 = Debug|x64
		{56F38C3E-FC80-4028-B6E9-4688A33E4AEB}.Debug|ARM64.ActiveCfg = Debug|x64
		{56F38C3E-FC80-4028-B6E9-4688A33E4AEB}.Debug|ARM64.Build.0 = Debug|x64
		{56F38C3E-FC80-4028-B6E9-4688A33E4AEB}.Debug|x64.ActiveCfg = Debug|x64
		{56F38C3E-FC80-4028-B6E9-4688A33E4AEB}.Debug|x64.Build.0 = Debug|x64
		{56F38C3E-FC80-4028-B6E9-4688A33E4AEB}.Debug|x86.ActiveCfg = Debug|Win32
		{56F38C3E-FC80-4028-B6E9-4688A33E4AEB}.Debug|x86.Build.0 = Debug|Win32
		{56F38C3E-FC80-4028-B6E9-4688A33E4AEB}.Release|ARM.ActiveCfg = Release|x64
		{56F38C3E-FC80-4028-B6E9-4688A33E4AEB}.Release|ARM.Build.0 = Release|x64
		{56F38C3E-FC80-4028-B6E9-4688A33E4AEB}.Release|ARM64.ActiveCfg = Release|x64
		{56F38C3E-FC80-4028-B6E9-4688A33E4AEB}.Release|ARM64.Build.0 = Release|x64
		{56F38C3E-FC80-4028-B6E9-4688A33E4AEB}.Release|x64.ActiveCfg = Release|x64
		{56F38C3E-FC80-4028-B6E9-4688A33E4AEB}.Release|x64.Build.0 = Release|x64
		{56F38C3E-FC80-4028-B6E9-4688A33E4AEB}.Release|x86.ActiveCfg = Release|Win32
		{56F38C3E-FC80-4028-B6E9-4688A33E4AEB}.Release|x86.Build.0 = Release|Win32
	EndGlobalSection
	GlobalSection(SolutionProperties) = preSolution
		HideSolutionNode = FALSE
	EndGlobalSection
	GlobalSection(ExtensibilityGlobals) = postSolution
		SolutionGuid = {4A0C5232-FCF5-4CA3-A672-9A0BAF764A19}
	EndGlobalSection
EndGlobal
